// !$*UTF8*$!
{
	archiveVersion = 1;
	classes = {
	};
	objectVersion = 50;
	objects = {

/* Begin PBXBuildFile section */
		A3266E5D2AD083A7007C63C1 /* DirectionsCell.swift in Sources */ = {isa = PBXBuildFile; fileRef = A3266E5C2AD083A7007C63C1 /* DirectionsCell.swift */; };
		A3266E5F2AD083CD007C63C1 /* HistoryCell.swift in Sources */ = {isa = PBXBuildFile; fileRef = A3266E5E2AD083CD007C63C1 /* HistoryCell.swift */; };
		A3266E612AD083F5007C63C1 /* HoursCell.swift in Sources */ = {isa = PBXBuildFile; fileRef = A3266E602AD083F5007C63C1 /* HoursCell.swift */; };
		A3266E632AD0841C007C63C1 /* WeatherCell.swift in Sources */ = {isa = PBXBuildFile; fileRef = A3266E622AD0841C007C63C1 /* WeatherCell.swift */; };
		A3266E652AD08444007C63C1 /* ContactsCell.swift in Sources */ = {isa = PBXBuildFile; fileRef = A3266E642AD08444007C63C1 /* ContactsCell.swift */; };
		A3266E6D2AD08728007C63C1 /* APIManager.swift in Sources */ = {isa = PBXBuildFile; fileRef = A3266E6C2AD08728007C63C1 /* APIManager.swift */; };
		A3266E6F2AD09355007C63C1 /* HeaderView.swift in Sources */ = {isa = PBXBuildFile; fileRef = A3266E6E2AD09355007C63C1 /* HeaderView.swift */; };
		A3266E712AD09481007C63C1 /* TableViewManager.swift in Sources */ = {isa = PBXBuildFile; fileRef = A3266E702AD09481007C63C1 /* TableViewManager.swift */; };
		A3266E762AD09AC4007C63C1 /* UIManager.swift in Sources */ = {isa = PBXBuildFile; fileRef = A3266E752AD09AC4007C63C1 /* UIManager.swift */; };
		A37A5B232AB2AA1D004F9007 /* AppDelegate.swift in Sources */ = {isa = PBXBuildFile; fileRef = A37A5B222AB2AA1D004F9007 /* AppDelegate.swift */; };
		A37A5B252AB2AA1D004F9007 /* SceneDelegate.swift in Sources */ = {isa = PBXBuildFile; fileRef = A37A5B242AB2AA1D004F9007 /* SceneDelegate.swift */; };
		A37A5B272AB2AA1D004F9007 /* ViewController.swift in Sources */ = {isa = PBXBuildFile; fileRef = A37A5B262AB2AA1D004F9007 /* ViewController.swift */; };
		A37A5B2C2AB2AA20004F9007 /* Assets.xcassets in Resources */ = {isa = PBXBuildFile; fileRef = A37A5B2B2AB2AA20004F9007 /* Assets.xcassets */; };
		A37A5B392AB2B068004F9007 /* ParkData.swift in Sources */ = {isa = PBXBuildFile; fileRef = A37A5B382AB2B068004F9007 /* ParkData.swift */; };
		A37A5B3B2AB2B13F004F9007 /* ImagesData.swift in Sources */ = {isa = PBXBuildFile; fileRef = A37A5B3A2AB2B13F004F9007 /* ImagesData.swift */; };
		A37A5B3D2AB2B47D004F9007 /* MainTableViewCell.swift in Sources */ = {isa = PBXBuildFile; fileRef = A37A5B3C2AB2B47D004F9007 /* MainTableViewCell.swift */; };
		A37A5B412AB2BD16004F9007 /* DetailsViewController.swift in Sources */ = {isa = PBXBuildFile; fileRef = A37A5B402AB2BD16004F9007 /* DetailsViewController.swift */; };
		A37A5B432AB384C8004F9007 /* WeatherTableViewCell.swift in Sources */ = {isa = PBXBuildFile; fileRef = A37A5B422AB384C8004F9007 /* WeatherTableViewCell.swift */; };
		A37A5B452AB38511004F9007 /* AccordionViewController.swift in Sources */ = {isa = PBXBuildFile; fileRef = A37A5B442AB38511004F9007 /* AccordionViewController.swift */; };
		A37A5B492AB385D9004F9007 /* WeatherData.swift in Sources */ = {isa = PBXBuildFile; fileRef = A37A5B482AB385D9004F9007 /* WeatherData.swift */; };
		A37FA5472ADCF34700C21A08 /* AccordionManager.swift in Sources */ = {isa = PBXBuildFile; fileRef = A37FA5462ADCF34700C21A08 /* AccordionManager.swift */; };
/* End PBXBuildFile section */

/* Begin PBXFileReference section */
		A3266E5C2AD083A7007C63C1 /* DirectionsCell.swift */ = {isa = PBXFileReference; lastKnownFileType = sourcecode.swift; path = DirectionsCell.swift; sourceTree = "<group>"; };
		A3266E5E2AD083CD007C63C1 /* HistoryCell.swift */ = {isa = PBXFileReference; lastKnownFileType = sourcecode.swift; path = HistoryCell.swift; sourceTree = "<group>"; };
		A3266E602AD083F5007C63C1 /* HoursCell.swift */ = {isa = PBXFileReference; lastKnownFileType = sourcecode.swift; path = HoursCell.swift; sourceTree = "<group>"; };
		A3266E622AD0841C007C63C1 /* WeatherCell.swift */ = {isa = PBXFileReference; lastKnownFileType = sourcecode.swift; path = WeatherCell.swift; sourceTree = "<group>"; };
		A3266E642AD08444007C63C1 /* ContactsCell.swift */ = {isa = PBXFileReference; lastKnownFileType = sourcecode.swift; path = ContactsCell.swift; sourceTree = "<group>"; };
		A3266E6C2AD08728007C63C1 /* APIManager.swift */ = {isa = PBXFileReference; lastKnownFileType = sourcecode.swift; path = APIManager.swift; sourceTree = "<group>"; };
		A3266E6E2AD09355007C63C1 /* HeaderView.swift */ = {isa = PBXFileReference; lastKnownFileType = sourcecode.swift; path = HeaderView.swift; sourceTree = "<group>"; };
		A3266E702AD09481007C63C1 /* TableViewManager.swift */ = {isa = PBXFileReference; lastKnownFileType = sourcecode.swift; path = TableViewManager.swift; sourceTree = "<group>"; };
		A3266E752AD09AC4007C63C1 /* UIManager.swift */ = {isa = PBXFileReference; lastKnownFileType = sourcecode.swift; path = UIManager.swift; sourceTree = "<group>"; };
		A37A5B1F2AB2AA1D004F9007 /* HikeHaven.app */ = {isa = PBXFileReference; explicitFileType = wrapper.application; includeInIndex = 0; path = HikeHaven.app; sourceTree = BUILT_PRODUCTS_DIR; };
		A37A5B222AB2AA1D004F9007 /* AppDelegate.swift */ = {isa = PBXFileReference; lastKnownFileType = sourcecode.swift; path = AppDelegate.swift; sourceTree = "<group>"; };
		A37A5B242AB2AA1D004F9007 /* SceneDelegate.swift */ = {isa = PBXFileReference; lastKnownFileType = sourcecode.swift; path = SceneDelegate.swift; sourceTree = "<group>"; };
		A37A5B262AB2AA1D004F9007 /* ViewController.swift */ = {isa = PBXFileReference; lastKnownFileType = sourcecode.swift; path = ViewController.swift; sourceTree = "<group>"; };
		A37A5B2B2AB2AA20004F9007 /* Assets.xcassets */ = {isa = PBXFileReference; lastKnownFileType = folder.assetcatalog; path = Assets.xcassets; sourceTree = "<group>"; };
		A37A5B302AB2AA20004F9007 /* Info.plist */ = {isa = PBXFileReference; lastKnownFileType = text.plist.xml; path = Info.plist; sourceTree = "<group>"; };
		A37A5B382AB2B068004F9007 /* ParkData.swift */ = {isa = PBXFileReference; lastKnownFileType = sourcecode.swift; path = ParkData.swift; sourceTree = "<group>"; };
		A37A5B3A2AB2B13F004F9007 /* ImagesData.swift */ = {isa = PBXFileReference; lastKnownFileType = sourcecode.swift; path = ImagesData.swift; sourceTree = "<group>"; };
		A37A5B3C2AB2B47D004F9007 /* MainTableViewCell.swift */ = {isa = PBXFileReference; lastKnownFileType = sourcecode.swift; path = MainTableViewCell.swift; sourceTree = "<group>"; };
		A37A5B402AB2BD16004F9007 /* DetailsViewController.swift */ = {isa = PBXFileReference; lastKnownFileType = sourcecode.swift; path = DetailsViewController.swift; sourceTree = "<group>"; };
		A37A5B422AB384C8004F9007 /* WeatherTableViewCell.swift */ = {isa = PBXFileReference; lastKnownFileType = sourcecode.swift; path = WeatherTableViewCell.swift; sourceTree = "<group>"; };
		A37A5B442AB38511004F9007 /* AccordionViewController.swift */ = {isa = PBXFileReference; lastKnownFileType = sourcecode.swift; path = AccordionViewController.swift; sourceTree = "<group>"; };
		A37A5B482AB385D9004F9007 /* WeatherData.swift */ = {isa = PBXFileReference; lastKnownFileType = sourcecode.swift; path = WeatherData.swift; sourceTree = "<group>"; };
		A37FA5462ADCF34700C21A08 /* AccordionManager.swift */ = {isa = PBXFileReference; lastKnownFileType = sourcecode.swift; path = AccordionManager.swift; sourceTree = "<group>"; };
		A3DDC0772AED875600C71765 /* Config.xcconfig */ = {isa = PBXFileReference; lastKnownFileType = text.xcconfig; name = Config.xcconfig; path = "API Keys/Config.xcconfig"; sourceTree = "<group>"; };
/* End PBXFileReference section */

/* Begin PBXFrameworksBuildPhase section */
		A37A5B1C2AB2AA1D004F9007 /* Frameworks */ = {
			isa = PBXFrameworksBuildPhase;
			buildActionMask = 2147483647;
			files = (
			);
			runOnlyForDeploymentPostprocessing = 0;
		};
/* End PBXFrameworksBuildPhase section */

/* Begin PBXGroup section */
		A3266E662AD0847B007C63C1 /* Archive */ = {
			isa = PBXGroup;
			children = (
				A37A5B422AB384C8004F9007 /* WeatherTableViewCell.swift */,
				A37A5B442AB38511004F9007 /* AccordionViewController.swift */,
				A37A5B482AB385D9004F9007 /* WeatherData.swift */,
			);
			path = Archive;
			sourceTree = "<group>";
		};
		A3266E682AD0860E007C63C1 /* View */ = {
			isa = PBXGroup;
			children = (
				A3266E6E2AD09355007C63C1 /* HeaderView.swift */,
				A3266E702AD09481007C63C1 /* TableViewManager.swift */,
				A37A5B3C2AB2B47D004F9007 /* MainTableViewCell.swift */,
				A3266E742AD09A6E007C63C1 /* DetailsView */,
			);
			path = View;
			sourceTree = "<group>";
		};
		A3266E6A2AD08668007C63C1 /* Model */ = {
			isa = PBXGroup;
			children = (
				A37A5B382AB2B068004F9007 /* ParkData.swift */,
				A37A5B3A2AB2B13F004F9007 /* ImagesData.swift */,
				A3266E6C2AD08728007C63C1 /* APIManager.swift */,
			);
			name = Model;
			path = View;
			sourceTree = "<group>";
		};
		A3266E6B2AD0868E007C63C1 /* Controller */ = {
			isa = PBXGroup;
			children = (
				A37A5B262AB2AA1D004F9007 /* ViewController.swift */,
				A37A5B402AB2BD16004F9007 /* DetailsViewController.swift */,
			);
			name = Controller;
			path = View;
			sourceTree = "<group>";
		};
		A3266E742AD09A6E007C63C1 /* DetailsView */ = {
			isa = PBXGroup;
			children = (
				A3266E752AD09AC4007C63C1 /* UIManager.swift */,
				A37FA5462ADCF34700C21A08 /* AccordionManager.swift */,
				A3266E5E2AD083CD007C63C1 /* HistoryCell.swift */,
				A3266E5C2AD083A7007C63C1 /* DirectionsCell.swift */,
				A3266E602AD083F5007C63C1 /* HoursCell.swift */,
				A3266E642AD08444007C63C1 /* ContactsCell.swift */,
				A3266E622AD0841C007C63C1 /* WeatherCell.swift */,
			);
			name = DetailsView;
			sourceTree = "<group>";
		};
		A37A5B162AB2AA1D004F9007 = {
			isa = PBXGroup;
			children = (
				A37A5B212AB2AA1D004F9007 /* HikeHaven */,
				A37A5B202AB2AA1D004F9007 /* Products */,
				A3266E662AD0847B007C63C1 /* Archive */,
			);
			sourceTree = "<group>";
		};
		A37A5B202AB2AA1D004F9007 /* Products */ = {
			isa = PBXGroup;
			children = (
				A37A5B1F2AB2AA1D004F9007 /* HikeHaven.app */,
			);
			name = Products;
			sourceTree = "<group>";
		};
		A37A5B212AB2AA1D004F9007 /* HikeHaven */ = {
			isa = PBXGroup;
			children = (
				A3266E6A2AD08668007C63C1 /* Model */,
				A3266E682AD0860E007C63C1 /* View */,
				A3266E6B2AD0868E007C63C1 /* Controller */,
				A37A5B222AB2AA1D004F9007 /* AppDelegate.swift */,
				A37A5B242AB2AA1D004F9007 /* SceneDelegate.swift */,
				A37A5B2B2AB2AA20004F9007 /* Assets.xcassets */,
				A37A5B302AB2AA20004F9007 /* Info.plist */,
				A3DDC0772AED875600C71765 /* Config.xcconfig */,
			);
			path = HikeHaven;
			sourceTree = "<group>";
		};
/* End PBXGroup section */

/* Begin PBXNativeTarget section */
		A37A5B1E2AB2AA1D004F9007 /* HikeHaven */ = {
			isa = PBXNativeTarget;
			buildConfigurationList = A37A5B332AB2AA20004F9007 /* Build configuration list for PBXNativeTarget "HikeHaven" */;
			buildPhases = (
				A37A5B1B2AB2AA1D004F9007 /* Sources */,
				A37A5B1C2AB2AA1D004F9007 /* Frameworks */,
				A37A5B1D2AB2AA1D004F9007 /* Resources */,
			);
			buildRules = (
			);
			dependencies = (
			);
			name = HikeHaven;
			productName = HikeHaven;
			productReference = A37A5B1F2AB2AA1D004F9007 /* HikeHaven.app */;
			productType = "com.apple.product-type.application";
		};
/* End PBXNativeTarget section */

/* Begin PBXProject section */
		A37A5B172AB2AA1D004F9007 /* Project object */ = {
			isa = PBXProject;
			attributes = {
				LastSwiftUpdateCheck = 1170;
				LastUpgradeCheck = 1170;
				ORGANIZATIONNAME = "Diana Duong";
				TargetAttributes = {
					A37A5B1E2AB2AA1D004F9007 = {
						CreatedOnToolsVersion = 11.7;
					};
				};
			};
			buildConfigurationList = A37A5B1A2AB2AA1D004F9007 /* Build configuration list for PBXProject "HikeHaven" */;
			compatibilityVersion = "Xcode 9.3";
			developmentRegion = en;
			hasScannedForEncodings = 0;
			knownRegions = (
				en,
				Base,
			);
			mainGroup = A37A5B162AB2AA1D004F9007;
			productRefGroup = A37A5B202AB2AA1D004F9007 /* Products */;
			projectDirPath = "";
			projectRoot = "";
			targets = (
				A37A5B1E2AB2AA1D004F9007 /* HikeHaven */,
			);
		};
/* End PBXProject section */

/* Begin PBXResourcesBuildPhase section */
		A37A5B1D2AB2AA1D004F9007 /* Resources */ = {
			isa = PBXResourcesBuildPhase;
			buildActionMask = 2147483647;
			files = (
				A37A5B2C2AB2AA20004F9007 /* Assets.xcassets in Resources */,
			);
			runOnlyForDeploymentPostprocessing = 0;
		};
/* End PBXResourcesBuildPhase section */

/* Begin PBXSourcesBuildPhase section */
		A37A5B1B2AB2AA1D004F9007 /* Sources */ = {
			isa = PBXSourcesBuildPhase;
			buildActionMask = 2147483647;
			files = (
				A3266E6D2AD08728007C63C1 /* APIManager.swift in Sources */,
				A3266E712AD09481007C63C1 /* TableViewManager.swift in Sources */,
				A37A5B432AB384C8004F9007 /* WeatherTableViewCell.swift in Sources */,
				A37A5B3B2AB2B13F004F9007 /* ImagesData.swift in Sources */,
				A3266E652AD08444007C63C1 /* ContactsCell.swift in Sources */,
				A37A5B272AB2AA1D004F9007 /* ViewController.swift in Sources */,
				A37FA5472ADCF34700C21A08 /* AccordionManager.swift in Sources */,
				A37A5B3D2AB2B47D004F9007 /* MainTableViewCell.swift in Sources */,
				A3266E6F2AD09355007C63C1 /* HeaderView.swift in Sources */,
				A37A5B392AB2B068004F9007 /* ParkData.swift in Sources */,
				A37A5B412AB2BD16004F9007 /* DetailsViewController.swift in Sources */,
				A3266E632AD0841C007C63C1 /* WeatherCell.swift in Sources */,
				A3266E5F2AD083CD007C63C1 /* HistoryCell.swift in Sources */,
				A37A5B492AB385D9004F9007 /* WeatherData.swift in Sources */,
				A37A5B232AB2AA1D004F9007 /* AppDelegate.swift in Sources */,
				A3266E762AD09AC4007C63C1 /* UIManager.swift in Sources */,
				A3266E5D2AD083A7007C63C1 /* DirectionsCell.swift in Sources */,
				A3266E612AD083F5007C63C1 /* HoursCell.swift in Sources */,
				A37A5B452AB38511004F9007 /* AccordionViewController.swift in Sources */,
				A37A5B252AB2AA1D004F9007 /* SceneDelegate.swift in Sources */,
			);
			runOnlyForDeploymentPostprocessing = 0;
		};
/* End PBXSourcesBuildPhase section */

/* Begin XCBuildConfiguration section */
		A37A5B312AB2AA20004F9007 /* Debug */ = {
			isa = XCBuildConfiguration;
			buildSettings = {
				ALWAYS_SEARCH_USER_PATHS = NO;
				CLANG_ANALYZER_NONNULL = YES;
				CLANG_ANALYZER_NUMBER_OBJECT_CONVERSION = YES_AGGRESSIVE;
				CLANG_CXX_LANGUAGE_STANDARD = "gnu++14";
				CLANG_CXX_LIBRARY = "libc++";
				CLANG_ENABLE_MODULES = YES;
				CLANG_ENABLE_OBJC_ARC = YES;
				CLANG_ENABLE_OBJC_WEAK = YES;
				CLANG_WARN_BLOCK_CAPTURE_AUTORELEASING = YES;
				CLANG_WARN_BOOL_CONVERSION = YES;
				CLANG_WARN_COMMA = YES;
				CLANG_WARN_CONSTANT_CONVERSION = YES;
				CLANG_WARN_DEPRECATED_OBJC_IMPLEMENTATIONS = YES;
				CLANG_WARN_DIRECT_OBJC_ISA_USAGE = YES_ERROR;
				CLANG_WARN_DOCUMENTATION_COMMENTS = YES;
				CLANG_WARN_EMPTY_BODY = YES;
				CLANG_WARN_ENUM_CONVERSION = YES;
				CLANG_WARN_INFINITE_RECURSION = YES;
				CLANG_WARN_INT_CONVERSION = YES;
				CLANG_WARN_NON_LITERAL_NULL_CONVERSION = YES;
				CLANG_WARN_OBJC_IMPLICIT_RETAIN_SELF = YES;
				CLANG_WARN_OBJC_LITERAL_CONVERSION = YES;
				CLANG_WARN_OBJC_ROOT_CLASS = YES_ERROR;
				CLANG_WARN_RANGE_LOOP_ANALYSIS = YES;
				CLANG_WARN_STRICT_PROTOTYPES = YES;
				CLANG_WARN_SUSPICIOUS_MOVE = YES;
				CLANG_WARN_UNGUARDED_AVAILABILITY = YES_AGGRESSIVE;
				CLANG_WARN_UNREACHABLE_CODE = YES;
				CLANG_WARN__DUPLICATE_METHOD_MATCH = YES;
				COPY_PHASE_STRIP = NO;
				DEBUG_INFORMATION_FORMAT = dwarf;
				ENABLE_STRICT_OBJC_MSGSEND = YES;
				ENABLE_TESTABILITY = YES;
				GCC_C_LANGUAGE_STANDARD = gnu11;
				GCC_DYNAMIC_NO_PIC = NO;
				GCC_NO_COMMON_BLOCKS = YES;
				GCC_OPTIMIZATION_LEVEL = 0;
				GCC_PREPROCESSOR_DEFINITIONS = (
					"DEBUG=1",
					"$(inherited)",
				);
				GCC_WARN_64_TO_32_BIT_CONVERSION = YES;
				GCC_WARN_ABOUT_RETURN_TYPE = YES_ERROR;
				GCC_WARN_UNDECLARED_SELECTOR = YES;
				GCC_WARN_UNINITIALIZED_AUTOS = YES_AGGRESSIVE;
				GCC_WARN_UNUSED_FUNCTION = YES;
				GCC_WARN_UNUSED_VARIABLE = YES;
				IPHONEOS_DEPLOYMENT_TARGET = 13.7;
				MTL_ENABLE_DEBUG_INFO = INCLUDE_SOURCE;
				MTL_FAST_MATH = YES;
				ONLY_ACTIVE_ARCH = YES;
				SDKROOT = iphoneos;
				SWIFT_ACTIVE_COMPILATION_CONDITIONS = DEBUG;
				SWIFT_OPTIMIZATION_LEVEL = "-Onone";
			};
			name = Debug;
		};
		A37A5B322AB2AA20004F9007 /* Release */ = {
			isa = XCBuildConfiguration;
			buildSettings = {
				ALWAYS_SEARCH_USER_PATHS = NO;
				CLANG_ANALYZER_NONNULL = YES;
				CLANG_ANALYZER_NUMBER_OBJECT_CONVERSION = YES_AGGRESSIVE;
				CLANG_CXX_LANGUAGE_STANDARD = "gnu++14";
				CLANG_CXX_LIBRARY = "libc++";
				CLANG_ENABLE_MODULES = YES;
				CLANG_ENABLE_OBJC_ARC = YES;
				CLANG_ENABLE_OBJC_WEAK = YES;
				CLANG_WARN_BLOCK_CAPTURE_AUTORELEASING = YES;
				CLANG_WARN_BOOL_CONVERSION = YES;
				CLANG_WARN_COMMA = YES;
				CLANG_WARN_CONSTANT_CONVERSION = YES;
				CLANG_WARN_DEPRECATED_OBJC_IMPLEMENTATIONS = YES;
				CLANG_WARN_DIRECT_OBJC_ISA_USAGE = YES_ERROR;
				CLANG_WARN_DOCUMENTATION_COMMENTS = YES;
				CLANG_WARN_EMPTY_BODY = YES;
				CLANG_WARN_ENUM_CONVERSION = YES;
				CLANG_WARN_INFINITE_RECURSION = YES;
				CLANG_WARN_INT_CONVERSION = YES;
				CLANG_WARN_NON_LITERAL_NULL_CONVERSION = YES;
				CLANG_WARN_OBJC_IMPLICIT_RETAIN_SELF = YES;
				CLANG_WARN_OBJC_LITERAL_CONVERSION = YES;
				CLANG_WARN_OBJC_ROOT_CLASS = YES_ERROR;
				CLANG_WARN_RANGE_LOOP_ANALYSIS = YES;
				CLANG_WARN_STRICT_PROTOTYPES = YES;
				CLANG_WARN_SUSPICIOUS_MOVE = YES;
				CLANG_WARN_UNGUARDED_AVAILABILITY = YES_AGGRESSIVE;
				CLANG_WARN_UNREACHABLE_CODE = YES;
				CLANG_WARN__DUPLICATE_METHOD_MATCH = YES;
				COPY_PHASE_STRIP = NO;
				DEBUG_INFORMATION_FORMAT = "dwarf-with-dsym";
				ENABLE_NS_ASSERTIONS = NO;
				ENABLE_STRICT_OBJC_MSGSEND = YES;
				GCC_C_LANGUAGE_STANDARD = gnu11;
				GCC_NO_COMMON_BLOCKS = YES;
				GCC_WARN_64_TO_32_BIT_CONVERSION = YES;
				GCC_WARN_ABOUT_RETURN_TYPE = YES_ERROR;
				GCC_WARN_UNDECLARED_SELECTOR = YES;
				GCC_WARN_UNINITIALIZED_AUTOS = YES_AGGRESSIVE;
				GCC_WARN_UNUSED_FUNCTION = YES;
				GCC_WARN_UNUSED_VARIABLE = YES;
				IPHONEOS_DEPLOYMENT_TARGET = 13.7;
				MTL_ENABLE_DEBUG_INFO = NO;
				MTL_FAST_MATH = YES;
				SDKROOT = iphoneos;
				SWIFT_COMPILATION_MODE = wholemodule;
				SWIFT_OPTIMIZATION_LEVEL = "-O";
				VALIDATE_PRODUCT = YES;
			};
			name = Release;
		};
		A37A5B342AB2AA20004F9007 /* Debug */ = {
			isa = XCBuildConfiguration;
			buildSettings = {
				ASSETCATALOG_COMPILER_APPICON_NAME = AppIcon;
				CODE_SIGN_STYLE = Automatic;
				DEVELOPMENT_TEAM = M44U58AV3T;
				INFOPLIST_FILE = HikeHaven/Info.plist;
				LD_RUNPATH_SEARCH_PATHS = (
					"$(inherited)",
					"@executable_path/Frameworks",
				);
				PRODUCT_BUNDLE_IDENTIFIER = com.dianaduong.HikeHaven;
				PRODUCT_NAME = "$(TARGET_NAME)";
				SWIFT_VERSION = 5.0;
				TARGETED_DEVICE_FAMILY = "1,2";
			};
			name = Debug;
		};
		A37A5B352AB2AA20004F9007 /* Release */ = {
			isa = XCBuildConfiguration;
			buildSettings = {
				ASSETCATALOG_COMPILER_APPICON_NAME = AppIcon;
				CODE_SIGN_STYLE = Automatic;
				DEVELOPMENT_TEAM = M44U58AV3T;
				INFOPLIST_FILE = HikeHaven/Info.plist;
				LD_RUNPATH_SEARCH_PATHS = (
					"$(inherited)",
					"@executable_path/Frameworks",
				);
				PRODUCT_BUNDLE_IDENTIFIER = com.dianaduong.HikeHaven;
				PRODUCT_NAME = "$(TARGET_NAME)";
				SWIFT_VERSION = 5.0;
				TARGETED_DEVICE_FAMILY = "1,2";
			};
			name = Release;
		};
/* End XCBuildConfiguration section */

/* Begin XCConfigurationList section */
		A37A5B1A2AB2AA1D004F9007 /* Build configuration list for PBXProject "HikeHaven" */ = {
			isa = XCConfigurationList;
			buildConfigurations = (
				A37A5B312AB2AA20004F9007 /* Debug */,
				A37A5B322AB2AA20004F9007 /* Release */,
			);
			defaultConfigurationIsVisible = 0;
			defaultConfigurationName = Release;
		};
		A37A5B332AB2AA20004F9007 /* Build configuration list for PBXNativeTarget "HikeHaven" */ = {
			isa = XCConfigurationList;
			buildConfigurations = (
				A37A5B342AB2AA20004F9007 /* Debug */,
				A37A5B352AB2AA20004F9007 /* Release */,
			);
			defaultConfigurationIsVisible = 0;
			defaultConfigurationName = Release;
		};
/* End XCConfigurationList section */
	};
	rootObject = A37A5B172AB2AA1D004F9007 /* Project object */;
}
